
Microsoft Visual Studio Solution File, Format Version 12.00
# Visual Studio Version 17
VisualStudioVersion = 17.5.002.0
MinimumVisualStudioVersion = 10.0.40219.1
Project("{9A19103F-16F7-4668-BE54-9A1E7A4F7556}") = "PrimeiroProjeto", "PrimeiroProjeto.csproj", "{C38336D3-0AD2-4E27-8B31-CE50DC532140}"
EndProject
Global
	GlobalSection(SolutionConfigurationPlatforms) = preSolution
		Debug|Any CPU = Debug|Any CPU
		Release|Any CPU = Release|Any CPU
	EndGlobalSection
	GlobalSection(ProjectConfigurationPlatforms) = postSolution
		{C38336D3-0AD2-4E27-8B31-CE50DC532140}.Debug|Any CPU.ActiveCfg = Debug|Any CPU
		{C38336D3-0AD2-4E27-8B31-CE50DC532140}.Debug|Any CPU.Build.0 = Debug|Any CPU
		{C38336D3-0AD2-4E27-8B31-CE50DC532140}.Release|Any CPU.ActiveCfg = Release|Any CPU
		{C38336D3-0AD2-4E27-8B31-CE50DC532140}.Release|Any CPU.Build.0 = Release|Any CPU
	EndGlobalSection
	GlobalSection(SolutionProperties) = preSolution
		HideSolutionNode = FALSE
	EndGlobalSection
	GlobalSection(ExtensibilityGlobals) = postSolution
		SolutionGuid = {F8FD85A5-7C0B-484D-9E56-CDD559131453}
	EndGlobalSection
EndGlobal
